{
  "version": 4,
  "terraform_version": "1.4.2",
  "serial": 188,
  "lineage": "45629754-5ef7-2234-59f6-330d39ba9a92",
  "outputs": {
    "keypair_name": {
      "value": "my-keypair-name",
      "type": "string"
    },
    "private_subnet_id_1": {
      "value": "subnet-0899f84fb6b40f026",
      "type": "string"
    },
    "private_subnet_id_2": {
      "value": "subnet-026622500668427ec",
      "type": "string"
    },
    "public_subnet_id_1": {
      "value": "subnet-082c11d3a9a81a786",
      "type": "string"
    },
    "public_subnet_id_2": {
      "value": "subnet-050ed84a206a68739",
      "type": "string"
    },
    "security_group-id": {
      "value": "sg-0b9e2322cea325596",
      "type": "string"
    },
    "vpc_id": {
      "value": "vpc-02b836eceaf037348",
      "type": "string"
    }
  },
  "resources": [
    {
      "mode": "data",
      "type": "tls_public_key",
      "name": "my_keypair",
      "provider": "provider[\"registry.terraform.io/hashicorp/tls\"]",
      "instances": [
        {
          "schema_version": 0,
          "attributes": {
            "algorithm": "RSA",
            "id": "1128200e407d3e1376eae17be899a97852a6923a",
            "private_key_openssh": null,
            "private_key_pem": "-----BEGIN RSA PRIVATE KEY-----\nMIIEogIBAAKCAQEAqy3BiffQMYpxAjdo/j14uxvFgRaRqGnvJPyp+iu9XYAEp3ek\nTnacjjitOOoTKnLAjrKv7Xew6CX27sr5j5q/A4Hr81p2mlAiH9LmUN/2GEvlfaii\nDO3TdGSVYk0FbzQdbYTamNTnwFL4DjyJgvA13MuUJNR1JB6w7y76ZyQ8NAB21jLM\npn5qBWNMZtnax+CytRPnKnK09cckvw3SWHwRoFOqHrlns0V84A0ERehwR3i77dpN\nwQiOWttIg3ahJOqDJ1WDjZ9tFyABLJB5ebqJuEPXukhJBx1Fz78EH50gAmJlZZKC\nIAZbWevu3BecZY0/YjYVsTZdzZme5BWW7/aqHQIDAQABAoIBAEghn8xjgHdfvv8Q\nGk4H2Tf/G9qph/dPrFYJohapF8Kuj0eCQtpNYOsNNvEksa7RbBK1eSy3ovQwCz3U\nihTZQGRZ+vMwy4l6+uYuGJ87wJe8Y5fv11lbXh9NwyUJD6EsdLoRoYuFK6L/U0es\nesWSMyA3KNXcMQBnbmdbhGix/Cxs1TizHtqlZcUOaqYIcoNWC6ZvHY+a/I9a7uFw\nhEyFz82acIXE37jjSl4vf9vWCsaEfCthaD+WZ4ZOLxAPp9zAMkw3bWC53N8Yd69v\nP9TsxnfoHrOB5zl2qjz3oGOJUzsAh0XPYUOuLxxQae3+5Ng6eB3btB4dYy5IpYGB\n1Va3ZAECgYEA0yAcBrzjs4DUsj0BmrSJjMyzwia/aAwu2v08GJftMFgmNiRp6JG2\nH23MltCz2968zQYXhzH+W8ogD4aWoX0rbUtGKsFXvcFH0qQ53IFdwEZ7+hjkoMl3\np/kHHUbNT88ev1Zl3CkhhBVU08mnsGFH4qB1UOW5Tmm4pj6x3b2+XwUCgYEAz5AK\nsG1F3sON3QOypWrFD/0wWTwhiaCzTHXilLMdmQS+0uaIsnhyj5CQ1cUYVnF96R9B\nQj+Niv6VWe5Z/g6bDXBKJBGgZwVB3vW77CJeUBNQaDOghGPu2ivWLvmmEpt/jH1Q\neeKURwD1+PkkGqvg8lWXqnOFWqDgfb49PsDJGjkCgYAxspZGU8J557KpvkiZZTQX\ny7vo0Pwvfuasr/2sgF7aCXX9OrcfguVPIqaNPdWIxTbGQE/biD4q1zqSzQi6PN+z\nG4wJ1ndT+KJyiCwCpwUtlKnsZl2zJ5meFbXCA3+i8Mt5GNpjZ98221qbfBWYJF4q\nj8Dt6RWkyqgnogx2eQrODQKBgEifKz5DXVjtrusPaif6TWykt4/hPBK9ST6NWHOS\nn950DJgZ1OYswlh8ylAhH7zPBLDWIK0fM1TYckT+4jnDvnhbO3WXPToOWte5vsCF\n3d3ChDWRKq5nkKCBCfVxn6uPAHeVON0Ma7jUGzu7X+h9Dr17OQ+IT7Y/54vXTfJw\n3WvxAoGAVInUbv8vXHbbzmvxNJ8G22lAfQYIX9SKlGU8hpE3jOA2if8yGxwxyHz2\nik6TkNa1Sldtb9HQW/sEA+wJs0I75b87BDu9wLDcpqjiZ97ENzh0M6kp8rErKft1\nfImn9CW4rwk6qYauv5FseoLNy/IKkQWLmpDfWWztp0oXilitWyA=\n-----END RSA PRIVATE KEY-----\n",
            "public_key_fingerprint_md5": "98:3c:60:d8:29:5d:c6:4f:e2:31:f3:f8:c2:93:6f:79",
            "public_key_fingerprint_sha256": "SHA256:8y4Ld5C2z/GJMgN5t4hF096t1Xe/csdCbU6plJSLdOw",
            "public_key_openssh": "ssh-rsa AAAAB3NzaC1yc2EAAAADAQABAAABAQCrLcGJ99AxinECN2j+PXi7G8WBFpGoae8k/Kn6K71dgASnd6ROdpyOOK046hMqcsCOsq/td7DoJfbuyvmPmr8DgevzWnaaUCIf0uZQ3/YYS+V9qKIM7dN0ZJViTQVvNB1thNqY1OfAUvgOPImC8DXcy5Qk1HUkHrDvLvpnJDw0AHbWMsymfmoFY0xm2drH4LK1E+cqcrT1xyS/DdJYfBGgU6oeuWezRXzgDQRF6HBHeLvt2k3BCI5a20iDdqEk6oMnVYONn20XIAEskHl5uom4Q9e6SEkHHUXPvwQfnSACYmVlkoIgBltZ6+7cF5xljT9iNhWxNl3NmZ7kFZbv9qod\n",
            "public_key_pem": "-----BEGIN PUBLIC KEY-----\nMIIBIjANBgkqhkiG9w0BAQEFAAOCAQ8AMIIBCgKCAQEAqy3BiffQMYpxAjdo/j14\nuxvFgRaRqGnvJPyp+iu9XYAEp3ekTnacjjitOOoTKnLAjrKv7Xew6CX27sr5j5q/\nA4Hr81p2mlAiH9LmUN/2GEvlfaiiDO3TdGSVYk0FbzQdbYTamNTnwFL4DjyJgvA1\n3MuUJNR1JB6w7y76ZyQ8NAB21jLMpn5qBWNMZtnax+CytRPnKnK09cckvw3SWHwR\noFOqHrlns0V84A0ERehwR3i77dpNwQiOWttIg3ahJOqDJ1WDjZ9tFyABLJB5ebqJ\nuEPXukhJBx1Fz78EH50gAmJlZZKCIAZbWevu3BecZY0/YjYVsTZdzZme5BWW7/aq\nHQIDAQAB\n-----END PUBLIC KEY-----\n"
          },
          "sensitive_attributes": [
            [
              {
                "type": "get_attr",
                "value": "private_key_pem"
              }
            ]
          ]
        }
      ]
    },
    {
      "mode": "managed",
      "type": "aws_eip",
      "name": "elastic-ip",
      "provider": "provider[\"registry.terraform.io/hashicorp/aws\"]",
      "instances": [
        {
          "schema_version": 0,
          "attributes": {
            "address": null,
            "allocation_id": "eipalloc-0293081593d8d21fb",
            "associate_with_private_ip": null,
            "association_id": "",
            "carrier_ip": "",
            "customer_owned_ip": "",
            "customer_owned_ipv4_pool": "",
            "domain": "vpc",
            "id": "eipalloc-0293081593d8d21fb",
            "instance": "",
            "network_border_group": "ap-northeast-1",
            "network_interface": "",
            "private_dns": null,
            "private_ip": "",
            "public_dns": "ec2-13-115-68-208.ap-northeast-1.compute.amazonaws.com",
            "public_ip": "13.115.68.208",
            "public_ipv4_pool": "amazon",
            "tags": null,
            "tags_all": {},
            "timeouts": null,
            "vpc": true
          },
          "sensitive_attributes": [],
          "private": "eyJlMmJmYjczMC1lY2FhLTExZTYtOGY4OC0zNDM2M2JjN2M0YzAiOnsiZGVsZXRlIjoxODAwMDAwMDAwMDAsInJlYWQiOjkwMDAwMDAwMDAwMCwidXBkYXRlIjozMDAwMDAwMDAwMDB9fQ=="
        }
      ]
    },
    {
      "mode": "managed",
      "type": "aws_internet_gateway",
      "name": "gw",
      "provider": "provider[\"registry.terraform.io/hashicorp/aws\"]",
      "instances": [
        {
          "schema_version": 0,
          "attributes": {
            "arn": "arn:aws:ec2:ap-northeast-1:282683106297:internet-gateway/igw-0acba5e6b57ff502a",
            "id": "igw-0acba5e6b57ff502a",
            "owner_id": "282683106297",
            "tags": {
              "Environment": "dev",
              "Name": "igw",
              "Owner": "Kamesh",
              "Project": "VR"
            },
            "tags_all": {
              "Environment": "dev",
              "Name": "igw",
              "Owner": "Kamesh",
              "Project": "VR"
            },
            "timeouts": null,
            "vpc_id": "vpc-02b836eceaf037348"
          },
          "sensitive_attributes": [],
          "private": "eyJlMmJmYjczMC1lY2FhLTExZTYtOGY4OC0zNDM2M2JjN2M0YzAiOnsiY3JlYXRlIjoxMjAwMDAwMDAwMDAwLCJkZWxldGUiOjEyMDAwMDAwMDAwMDAsInVwZGF0ZSI6MTIwMDAwMDAwMDAwMH19",
          "dependencies": [
            "aws_vpc.main"
          ]
        }
      ]
    },
    {
      "mode": "managed",
      "type": "aws_key_pair",
      "name": "my_keypair",
      "provider": "provider[\"registry.terraform.io/hashicorp/aws\"]",
      "instances": [
        {
          "schema_version": 1,
          "attributes": {
            "arn": "arn:aws:ec2:ap-northeast-1:282683106297:key-pair/my-keypair-name",
            "fingerprint": "6d:18:8c:68:b3:1f:e7:10:2d:48:d9:25:d5:6e:79:3b",
            "id": "my-keypair-name",
            "key_name": "my-keypair-name",
            "key_name_prefix": "",
            "key_pair_id": "key-027ea1857806f29df",
            "key_type": "rsa",
            "public_key": "ssh-rsa AAAAB3NzaC1yc2EAAAADAQABAAABAQCrLcGJ99AxinECN2j+PXi7G8WBFpGoae8k/Kn6K71dgASnd6ROdpyOOK046hMqcsCOsq/td7DoJfbuyvmPmr8DgevzWnaaUCIf0uZQ3/YYS+V9qKIM7dN0ZJViTQVvNB1thNqY1OfAUvgOPImC8DXcy5Qk1HUkHrDvLvpnJDw0AHbWMsymfmoFY0xm2drH4LK1E+cqcrT1xyS/DdJYfBGgU6oeuWezRXzgDQRF6HBHeLvt2k3BCI5a20iDdqEk6oMnVYONn20XIAEskHl5uom4Q9e6SEkHHUXPvwQfnSACYmVlkoIgBltZ6+7cF5xljT9iNhWxNl3NmZ7kFZbv9qod",
            "tags": null,
            "tags_all": {}
          },
          "sensitive_attributes": [],
          "private": "eyJzY2hlbWFfdmVyc2lvbiI6IjEifQ==",
          "dependencies": [
            "data.tls_public_key.my_keypair",
            "tls_private_key.my_keypair"
          ]
        }
      ]
    },
    {
      "mode": "managed",
      "type": "aws_nat_gateway",
      "name": "natgw",
      "provider": "provider[\"registry.terraform.io/hashicorp/aws\"]",
      "instances": [
        {
          "schema_version": 0,
          "attributes": {
            "allocation_id": "eipalloc-0293081593d8d21fb",
            "association_id": "eipassoc-03218a1ec3a3941e1",
            "connectivity_type": "public",
            "id": "nat-05e87b9b2c6eeef00",
            "network_interface_id": "eni-025d91a8f14994756",
            "private_ip": "10.0.1.170",
            "public_ip": "13.115.68.208",
            "secondary_allocation_ids": null,
            "secondary_private_ip_address_count": 0,
            "secondary_private_ip_addresses": [],
            "subnet_id": "subnet-082c11d3a9a81a786",
            "tags": {
              "Environment": "dev",
              "Name": "natgw",
              "Owner": "Kamesh",
              "Project": "VR"
            },
            "tags_all": {
              "Environment": "dev",
              "Name": "natgw",
              "Owner": "Kamesh",
              "Project": "VR"
            },
            "timeouts": null
          },
          "sensitive_attributes": [],
          "private": "eyJlMmJmYjczMC1lY2FhLTExZTYtOGY4OC0zNDM2M2JjN2M0YzAiOnsiY3JlYXRlIjo2MDAwMDAwMDAwMDAsImRlbGV0ZSI6MTgwMDAwMDAwMDAwMCwidXBkYXRlIjo2MDAwMDAwMDAwMDB9fQ==",
          "dependencies": [
            "aws_eip.elastic-ip",
            "aws_subnet.public-1",
            "aws_vpc.main"
          ]
        }
      ]
    },
    {
      "mode": "managed",
      "type": "aws_route_table",
      "name": "rtb",
      "provider": "provider[\"registry.terraform.io/hashicorp/aws\"]",
      "instances": [
        {
          "schema_version": 0,
          "attributes": {
            "arn": "arn:aws:ec2:ap-northeast-1:282683106297:route-table/rtb-014112bcf9db318a3",
            "id": "rtb-014112bcf9db318a3",
            "owner_id": "282683106297",
            "propagating_vgws": [],
            "route": [
              {
                "carrier_gateway_id": "",
                "cidr_block": "0.0.0.0/0",
                "core_network_arn": "",
                "destination_prefix_list_id": "",
                "egress_only_gateway_id": "",
                "gateway_id": "igw-0acba5e6b57ff502a",
                "ipv6_cidr_block": "",
                "local_gateway_id": "",
                "nat_gateway_id": "",
                "network_interface_id": "",
                "transit_gateway_id": "",
                "vpc_endpoint_id": "",
                "vpc_peering_connection_id": ""
              }
            ],
            "tags": {
              "Environment": "dev",
              "Name": "public-rtb",
              "Owner": "Kamesh",
              "Project": "VR"
            },
            "tags_all": {
              "Environment": "dev",
              "Name": "public-rtb",
              "Owner": "Kamesh",
              "Project": "VR"
            },
            "timeouts": null,
            "vpc_id": "vpc-02b836eceaf037348"
          },
          "sensitive_attributes": [],
          "private": "eyJlMmJmYjczMC1lY2FhLTExZTYtOGY4OC0zNDM2M2JjN2M0YzAiOnsiY3JlYXRlIjozMDAwMDAwMDAwMDAsImRlbGV0ZSI6MzAwMDAwMDAwMDAwLCJ1cGRhdGUiOjEyMDAwMDAwMDAwMH19",
          "dependencies": [
            "aws_internet_gateway.gw",
            "aws_vpc.main"
          ]
        }
      ]
    },
    {
      "mode": "managed",
      "type": "aws_route_table",
      "name": "rtb-private",
      "provider": "provider[\"registry.terraform.io/hashicorp/aws\"]",
      "instances": [
        {
          "schema_version": 0,
          "attributes": {
            "arn": "arn:aws:ec2:ap-northeast-1:282683106297:route-table/rtb-0b5bf245d2867892b",
            "id": "rtb-0b5bf245d2867892b",
            "owner_id": "282683106297",
            "propagating_vgws": [],
            "route": [
              {
                "carrier_gateway_id": "",
                "cidr_block": "0.0.0.0/0",
                "core_network_arn": "",
                "destination_prefix_list_id": "",
                "egress_only_gateway_id": "",
                "gateway_id": "",
                "ipv6_cidr_block": "",
                "local_gateway_id": "",
                "nat_gateway_id": "nat-05e87b9b2c6eeef00",
                "network_interface_id": "",
                "transit_gateway_id": "",
                "vpc_endpoint_id": "",
                "vpc_peering_connection_id": ""
              }
            ],
            "tags": {
              "Environment": "dev",
              "Name": "private-rtb",
              "Owner": "Kamesh",
              "Project": "VR"
            },
            "tags_all": {
              "Environment": "dev",
              "Name": "private-rtb",
              "Owner": "Kamesh",
              "Project": "VR"
            },
            "timeouts": null,
            "vpc_id": "vpc-02b836eceaf037348"
          },
          "sensitive_attributes": [],
          "private": "eyJlMmJmYjczMC1lY2FhLTExZTYtOGY4OC0zNDM2M2JjN2M0YzAiOnsiY3JlYXRlIjozMDAwMDAwMDAwMDAsImRlbGV0ZSI6MzAwMDAwMDAwMDAwLCJ1cGRhdGUiOjEyMDAwMDAwMDAwMH19",
          "dependencies": [
            "aws_eip.elastic-ip",
            "aws_nat_gateway.natgw",
            "aws_subnet.public-1",
            "aws_vpc.main"
          ]
        }
      ]
    },
    {
      "mode": "managed",
      "type": "aws_route_table_association",
      "name": "a-1",
      "provider": "provider[\"registry.terraform.io/hashicorp/aws\"]",
      "instances": [
        {
          "schema_version": 0,
          "attributes": {
            "gateway_id": "",
            "id": "rtbassoc-0e66166e05bad6f07",
            "route_table_id": "rtb-014112bcf9db318a3",
            "subnet_id": "subnet-082c11d3a9a81a786",
            "timeouts": null
          },
          "sensitive_attributes": [],
          "private": "eyJlMmJmYjczMC1lY2FhLTExZTYtOGY4OC0zNDM2M2JjN2M0YzAiOnsiY3JlYXRlIjozMDAwMDAwMDAwMDAsImRlbGV0ZSI6MzAwMDAwMDAwMDAwLCJ1cGRhdGUiOjEyMDAwMDAwMDAwMH19",
          "dependencies": [
            "aws_internet_gateway.gw",
            "aws_route_table.rtb",
            "aws_subnet.public-1",
            "aws_vpc.main"
          ]
        }
      ]
    },
    {
      "mode": "managed",
      "type": "aws_route_table_association",
      "name": "a-2",
      "provider": "provider[\"registry.terraform.io/hashicorp/aws\"]",
      "instances": [
        {
          "schema_version": 0,
          "attributes": {
            "gateway_id": "",
            "id": "rtbassoc-01927b9d6daaf07b3",
            "route_table_id": "rtb-014112bcf9db318a3",
            "subnet_id": "subnet-050ed84a206a68739",
            "timeouts": null
          },
          "sensitive_attributes": [],
          "private": "eyJlMmJmYjczMC1lY2FhLTExZTYtOGY4OC0zNDM2M2JjN2M0YzAiOnsiY3JlYXRlIjozMDAwMDAwMDAwMDAsImRlbGV0ZSI6MzAwMDAwMDAwMDAwLCJ1cGRhdGUiOjEyMDAwMDAwMDAwMH19",
          "dependencies": [
            "aws_internet_gateway.gw",
            "aws_route_table.rtb",
            "aws_subnet.public-2",
            "aws_vpc.main"
          ]
        }
      ]
    },
    {
      "mode": "managed",
      "type": "aws_route_table_association",
      "name": "rtb-private-1",
      "provider": "provider[\"registry.terraform.io/hashicorp/aws\"]",
      "instances": [
        {
          "schema_version": 0,
          "attributes": {
            "gateway_id": "",
            "id": "rtbassoc-0041423e731041651",
            "route_table_id": "rtb-0b5bf245d2867892b",
            "subnet_id": "subnet-0899f84fb6b40f026",
            "timeouts": null
          },
          "sensitive_attributes": [],
          "private": "eyJlMmJmYjczMC1lY2FhLTExZTYtOGY4OC0zNDM2M2JjN2M0YzAiOnsiY3JlYXRlIjozMDAwMDAwMDAwMDAsImRlbGV0ZSI6MzAwMDAwMDAwMDAwLCJ1cGRhdGUiOjEyMDAwMDAwMDAwMH19",
          "dependencies": [
            "aws_eip.elastic-ip",
            "aws_nat_gateway.natgw",
            "aws_route_table.rtb-private",
            "aws_subnet.private-1",
            "aws_subnet.public-1",
            "aws_vpc.main"
          ]
        }
      ]
    },
    {
      "mode": "managed",
      "type": "aws_route_table_association",
      "name": "rtb-private-2",
      "provider": "provider[\"registry.terraform.io/hashicorp/aws\"]",
      "instances": [
        {
          "schema_version": 0,
          "attributes": {
            "gateway_id": "",
            "id": "rtbassoc-03f3af3b6282cb917",
            "route_table_id": "rtb-0b5bf245d2867892b",
            "subnet_id": "subnet-026622500668427ec",
            "timeouts": null
          },
          "sensitive_attributes": [],
          "private": "eyJlMmJmYjczMC1lY2FhLTExZTYtOGY4OC0zNDM2M2JjN2M0YzAiOnsiY3JlYXRlIjozMDAwMDAwMDAwMDAsImRlbGV0ZSI6MzAwMDAwMDAwMDAwLCJ1cGRhdGUiOjEyMDAwMDAwMDAwMH19",
          "dependencies": [
            "aws_eip.elastic-ip",
            "aws_nat_gateway.natgw",
            "aws_route_table.rtb-private",
            "aws_subnet.private-2",
            "aws_subnet.public-1",
            "aws_vpc.main"
          ]
        }
      ]
    },
    {
      "mode": "managed",
      "type": "aws_security_group",
      "name": "allow_tls",
      "provider": "provider[\"registry.terraform.io/hashicorp/aws\"]",
      "instances": [
        {
          "schema_version": 1,
          "attributes": {
            "arn": "arn:aws:ec2:ap-northeast-1:282683106297:security-group/sg-0b9e2322cea325596",
            "description": "Allow TLS inbound traffic",
            "egress": [
              {
                "cidr_blocks": [
                  "0.0.0.0/0"
                ],
                "description": "",
                "from_port": 0,
                "ipv6_cidr_blocks": [],
                "prefix_list_ids": [],
                "protocol": "-1",
                "security_groups": [],
                "self": false,
                "to_port": 0
              }
            ],
            "id": "sg-0b9e2322cea325596",
            "ingress": [
              {
                "cidr_blocks": [
                  "0.0.0.0/0"
                ],
                "description": "TLS from VPC",
                "from_port": 22,
                "ipv6_cidr_blocks": [],
                "prefix_list_ids": [],
                "protocol": "tcp",
                "security_groups": [],
                "self": false,
                "to_port": 22
              }
            ],
            "name": "allow_tls",
            "name_prefix": "",
            "owner_id": "282683106297",
            "revoke_rules_on_delete": false,
            "tags": {
              "Environment": "dev",
              "Name": "VR",
              "Owner": "Kamesh",
              "Project": "VR"
            },
            "tags_all": {
              "Environment": "dev",
              "Name": "VR",
              "Owner": "Kamesh",
              "Project": "VR"
            },
            "timeouts": null,
            "vpc_id": "vpc-02b836eceaf037348"
          },
          "sensitive_attributes": [],
          "private": "eyJlMmJmYjczMC1lY2FhLTExZTYtOGY4OC0zNDM2M2JjN2M0YzAiOnsiY3JlYXRlIjo2MDAwMDAwMDAwMDAsImRlbGV0ZSI6OTAwMDAwMDAwMDAwfSwic2NoZW1hX3ZlcnNpb24iOiIxIn0=",
          "dependencies": [
            "aws_vpc.main"
          ]
        }
      ]
    },
    {
      "mode": "managed",
      "type": "aws_subnet",
      "name": "private-1",
      "provider": "provider[\"registry.terraform.io/hashicorp/aws\"]",
      "instances": [
        {
          "schema_version": 1,
          "attributes": {
            "arn": "arn:aws:ec2:ap-northeast-1:282683106297:subnet/subnet-0899f84fb6b40f026",
            "assign_ipv6_address_on_creation": false,
            "availability_zone": "ap-northeast-1a",
            "availability_zone_id": "apne1-az4",
            "cidr_block": "10.0.3.0/24",
            "customer_owned_ipv4_pool": "",
            "enable_dns64": false,
            "enable_lni_at_device_index": 0,
            "enable_resource_name_dns_a_record_on_launch": false,
            "enable_resource_name_dns_aaaa_record_on_launch": false,
            "id": "subnet-0899f84fb6b40f026",
            "ipv6_cidr_block": "",
            "ipv6_cidr_block_association_id": "",
            "ipv6_native": false,
            "map_customer_owned_ip_on_launch": false,
            "map_public_ip_on_launch": true,
            "outpost_arn": "",
            "owner_id": "282683106297",
            "private_dns_hostname_type_on_launch": "ip-name",
            "tags": {
              "Environment": "dev",
              "Name": "private-subnet-1",
              "Owner": "Kamesh",
              "Project": "VR"
            },
            "tags_all": {
              "Environment": "dev",
              "Name": "private-subnet-1",
              "Owner": "Kamesh",
              "Project": "VR"
            },
            "timeouts": null,
            "vpc_id": "vpc-02b836eceaf037348"
          },
          "sensitive_attributes": [],
          "private": "eyJlMmJmYjczMC1lY2FhLTExZTYtOGY4OC0zNDM2M2JjN2M0YzAiOnsiY3JlYXRlIjo2MDAwMDAwMDAwMDAsImRlbGV0ZSI6MTIwMDAwMDAwMDAwMH0sInNjaGVtYV92ZXJzaW9uIjoiMSJ9",
          "dependencies": [
            "aws_vpc.main"
          ]
        }
      ]
    },
    {
      "mode": "managed",
      "type": "aws_subnet",
      "name": "private-2",
      "provider": "provider[\"registry.terraform.io/hashicorp/aws\"]",
      "instances": [
        {
          "schema_version": 1,
          "attributes": {
            "arn": "arn:aws:ec2:ap-northeast-1:282683106297:subnet/subnet-026622500668427ec",
            "assign_ipv6_address_on_creation": false,
            "availability_zone": "ap-northeast-1c",
            "availability_zone_id": "apne1-az1",
            "cidr_block": "10.0.4.0/24",
            "customer_owned_ipv4_pool": "",
            "enable_dns64": false,
            "enable_lni_at_device_index": 0,
            "enable_resource_name_dns_a_record_on_launch": false,
            "enable_resource_name_dns_aaaa_record_on_launch": false,
            "id": "subnet-026622500668427ec",
            "ipv6_cidr_block": "",
            "ipv6_cidr_block_association_id": "",
            "ipv6_native": false,
            "map_customer_owned_ip_on_launch": false,
            "map_public_ip_on_launch": true,
            "outpost_arn": "",
            "owner_id": "282683106297",
            "private_dns_hostname_type_on_launch": "ip-name",
            "tags": {
              "Environment": "dev",
              "Name": "private-subnet-2",
              "Owner": "Kamesh",
              "Project": "VR"
            },
            "tags_all": {
              "Environment": "dev",
              "Name": "private-subnet-2",
              "Owner": "Kamesh",
              "Project": "VR"
            },
            "timeouts": null,
            "vpc_id": "vpc-02b836eceaf037348"
          },
          "sensitive_attributes": [],
          "private": "eyJlMmJmYjczMC1lY2FhLTExZTYtOGY4OC0zNDM2M2JjN2M0YzAiOnsiY3JlYXRlIjo2MDAwMDAwMDAwMDAsImRlbGV0ZSI6MTIwMDAwMDAwMDAwMH0sInNjaGVtYV92ZXJzaW9uIjoiMSJ9",
          "dependencies": [
            "aws_vpc.main"
          ]
        }
      ]
    },
    {
      "mode": "managed",
      "type": "aws_subnet",
      "name": "public-1",
      "provider": "provider[\"registry.terraform.io/hashicorp/aws\"]",
      "instances": [
        {
          "schema_version": 1,
          "attributes": {
            "arn": "arn:aws:ec2:ap-northeast-1:282683106297:subnet/subnet-082c11d3a9a81a786",
            "assign_ipv6_address_on_creation": false,
            "availability_zone": "ap-northeast-1a",
            "availability_zone_id": "apne1-az4",
            "cidr_block": "10.0.1.0/24",
            "customer_owned_ipv4_pool": "",
            "enable_dns64": false,
            "enable_lni_at_device_index": 0,
            "enable_resource_name_dns_a_record_on_launch": false,
            "enable_resource_name_dns_aaaa_record_on_launch": false,
            "id": "subnet-082c11d3a9a81a786",
            "ipv6_cidr_block": "",
            "ipv6_cidr_block_association_id": "",
            "ipv6_native": false,
            "map_customer_owned_ip_on_launch": false,
            "map_public_ip_on_launch": true,
            "outpost_arn": "",
            "owner_id": "282683106297",
            "private_dns_hostname_type_on_launch": "ip-name",
            "tags": {
              "Environment": "dev",
              "Name": "pub-subnet-1",
              "Owner": "Kamesh",
              "Project": "VR"
            },
            "tags_all": {
              "Environment": "dev",
              "Name": "pub-subnet-1",
              "Owner": "Kamesh",
              "Project": "VR"
            },
            "timeouts": null,
            "vpc_id": "vpc-02b836eceaf037348"
          },
          "sensitive_attributes": [],
          "private": "eyJlMmJmYjczMC1lY2FhLTExZTYtOGY4OC0zNDM2M2JjN2M0YzAiOnsiY3JlYXRlIjo2MDAwMDAwMDAwMDAsImRlbGV0ZSI6MTIwMDAwMDAwMDAwMH0sInNjaGVtYV92ZXJzaW9uIjoiMSJ9",
          "dependencies": [
            "aws_vpc.main"
          ]
        }
      ]
    },
    {
      "mode": "managed",
      "type": "aws_subnet",
      "name": "public-2",
      "provider": "provider[\"registry.terraform.io/hashicorp/aws\"]",
      "instances": [
        {
          "schema_version": 1,
          "attributes": {
            "arn": "arn:aws:ec2:ap-northeast-1:282683106297:subnet/subnet-050ed84a206a68739",
            "assign_ipv6_address_on_creation": false,
            "availability_zone": "ap-northeast-1c",
            "availability_zone_id": "apne1-az1",
            "cidr_block": "10.0.2.0/24",
            "customer_owned_ipv4_pool": "",
            "enable_dns64": false,
            "enable_lni_at_device_index": 0,
            "enable_resource_name_dns_a_record_on_launch": false,
            "enable_resource_name_dns_aaaa_record_on_launch": false,
            "id": "subnet-050ed84a206a68739",
            "ipv6_cidr_block": "",
            "ipv6_cidr_block_association_id": "",
            "ipv6_native": false,
            "map_customer_owned_ip_on_launch": false,
            "map_public_ip_on_launch": true,
            "outpost_arn": "",
            "owner_id": "282683106297",
            "private_dns_hostname_type_on_launch": "ip-name",
            "tags": {
              "Environment": "dev",
              "Name": "pub-subnet-2",
              "Owner": "Kamesh",
              "Project": "VR"
            },
            "tags_all": {
              "Environment": "dev",
              "Name": "pub-subnet-2",
              "Owner": "Kamesh",
              "Project": "VR"
            },
            "timeouts": null,
            "vpc_id": "vpc-02b836eceaf037348"
          },
          "sensitive_attributes": [],
          "private": "eyJlMmJmYjczMC1lY2FhLTExZTYtOGY4OC0zNDM2M2JjN2M0YzAiOnsiY3JlYXRlIjo2MDAwMDAwMDAwMDAsImRlbGV0ZSI6MTIwMDAwMDAwMDAwMH0sInNjaGVtYV92ZXJzaW9uIjoiMSJ9",
          "dependencies": [
            "aws_vpc.main"
          ]
        }
      ]
    },
    {
      "mode": "managed",
      "type": "aws_vpc",
      "name": "main",
      "provider": "provider[\"registry.terraform.io/hashicorp/aws\"]",
      "instances": [
        {
          "schema_version": 1,
          "attributes": {
            "arn": "arn:aws:ec2:ap-northeast-1:282683106297:vpc/vpc-02b836eceaf037348",
            "assign_generated_ipv6_cidr_block": false,
            "cidr_block": "10.0.0.0/16",
            "default_network_acl_id": "acl-00d2433adcaba6d82",
            "default_route_table_id": "rtb-02df87e0e9e982dff",
            "default_security_group_id": "sg-026e34d7ccdcb0fd6",
            "dhcp_options_id": "dopt-0cdacbc926325bc3b",
            "enable_dns_hostnames": false,
            "enable_dns_support": true,
            "enable_network_address_usage_metrics": false,
            "id": "vpc-02b836eceaf037348",
            "instance_tenancy": "default",
            "ipv4_ipam_pool_id": null,
            "ipv4_netmask_length": null,
            "ipv6_association_id": "",
            "ipv6_cidr_block": "",
            "ipv6_cidr_block_network_border_group": "",
            "ipv6_ipam_pool_id": "",
            "ipv6_netmask_length": 0,
            "main_route_table_id": "rtb-02df87e0e9e982dff",
            "owner_id": "282683106297",
            "tags": {
              "Environment": "dev",
              "Name": "VR",
              "Owner": "Kamesh",
              "Project": "VR"
            },
            "tags_all": {
              "Environment": "dev",
              "Name": "VR",
              "Owner": "Kamesh",
              "Project": "VR"
            }
          },
          "sensitive_attributes": [],
          "private": "eyJzY2hlbWFfdmVyc2lvbiI6IjEifQ=="
        }
      ]
    },
    {
      "mode": "managed",
      "type": "local_file",
      "name": "private_key_pem",
      "provider": "provider[\"registry.terraform.io/hashicorp/local\"]",
      "instances": [
        {
          "schema_version": 0,
          "attributes": {
            "content": "-----BEGIN RSA PRIVATE KEY-----\nMIIEogIBAAKCAQEAqy3BiffQMYpxAjdo/j14uxvFgRaRqGnvJPyp+iu9XYAEp3ek\nTnacjjitOOoTKnLAjrKv7Xew6CX27sr5j5q/A4Hr81p2mlAiH9LmUN/2GEvlfaii\nDO3TdGSVYk0FbzQdbYTamNTnwFL4DjyJgvA13MuUJNR1JB6w7y76ZyQ8NAB21jLM\npn5qBWNMZtnax+CytRPnKnK09cckvw3SWHwRoFOqHrlns0V84A0ERehwR3i77dpN\nwQiOWttIg3ahJOqDJ1WDjZ9tFyABLJB5ebqJuEPXukhJBx1Fz78EH50gAmJlZZKC\nIAZbWevu3BecZY0/YjYVsTZdzZme5BWW7/aqHQIDAQABAoIBAEghn8xjgHdfvv8Q\nGk4H2Tf/G9qph/dPrFYJohapF8Kuj0eCQtpNYOsNNvEksa7RbBK1eSy3ovQwCz3U\nihTZQGRZ+vMwy4l6+uYuGJ87wJe8Y5fv11lbXh9NwyUJD6EsdLoRoYuFK6L/U0es\nesWSMyA3KNXcMQBnbmdbhGix/Cxs1TizHtqlZcUOaqYIcoNWC6ZvHY+a/I9a7uFw\nhEyFz82acIXE37jjSl4vf9vWCsaEfCthaD+WZ4ZOLxAPp9zAMkw3bWC53N8Yd69v\nP9TsxnfoHrOB5zl2qjz3oGOJUzsAh0XPYUOuLxxQae3+5Ng6eB3btB4dYy5IpYGB\n1Va3ZAECgYEA0yAcBrzjs4DUsj0BmrSJjMyzwia/aAwu2v08GJftMFgmNiRp6JG2\nH23MltCz2968zQYXhzH+W8ogD4aWoX0rbUtGKsFXvcFH0qQ53IFdwEZ7+hjkoMl3\np/kHHUbNT88ev1Zl3CkhhBVU08mnsGFH4qB1UOW5Tmm4pj6x3b2+XwUCgYEAz5AK\nsG1F3sON3QOypWrFD/0wWTwhiaCzTHXilLMdmQS+0uaIsnhyj5CQ1cUYVnF96R9B\nQj+Niv6VWe5Z/g6bDXBKJBGgZwVB3vW77CJeUBNQaDOghGPu2ivWLvmmEpt/jH1Q\neeKURwD1+PkkGqvg8lWXqnOFWqDgfb49PsDJGjkCgYAxspZGU8J557KpvkiZZTQX\ny7vo0Pwvfuasr/2sgF7aCXX9OrcfguVPIqaNPdWIxTbGQE/biD4q1zqSzQi6PN+z\nG4wJ1ndT+KJyiCwCpwUtlKnsZl2zJ5meFbXCA3+i8Mt5GNpjZ98221qbfBWYJF4q\nj8Dt6RWkyqgnogx2eQrODQKBgEifKz5DXVjtrusPaif6TWykt4/hPBK9ST6NWHOS\nn950DJgZ1OYswlh8ylAhH7zPBLDWIK0fM1TYckT+4jnDvnhbO3WXPToOWte5vsCF\n3d3ChDWRKq5nkKCBCfVxn6uPAHeVON0Ma7jUGzu7X+h9Dr17OQ+IT7Y/54vXTfJw\n3WvxAoGAVInUbv8vXHbbzmvxNJ8G22lAfQYIX9SKlGU8hpE3jOA2if8yGxwxyHz2\nik6TkNa1Sldtb9HQW/sEA+wJs0I75b87BDu9wLDcpqjiZ97ENzh0M6kp8rErKft1\nfImn9CW4rwk6qYauv5FseoLNy/IKkQWLmpDfWWztp0oXilitWyA=\n-----END RSA PRIVATE KEY-----\n",
            "content_base64": null,
            "content_base64sha256": "ELDWVB2OEEQLKgqHKShg86y4OnqHPva0QEdvViYFuDg=",
            "content_base64sha512": "LgTn1gvkgVb6wG0pymN2PnuvomCXsx+rhjyy8Cw+sjk6r/5eiFRKEDYeJkyhztqoC0xFIw8QPFFBUWig8SD4Pw==",
            "content_md5": "79bf6cb0be0fb43959a2b7c631016a1e",
            "content_sha1": "a3a10e7ced2a9e14914ed16d74cc7e44ec55233d",
            "content_sha256": "10b0d6541d8e10440b2a0a87292860f3acb83a7a873ef6b440476f562605b838",
            "content_sha512": "2e04e7d60be48156fac06d29ca63763e7bafa26097b31fab863cb2f02c3eb2393aaffe5e88544a10361e264ca1cedaa80b4c45230f103c51415168a0f120f83f",
            "directory_permission": "0777",
            "file_permission": "0777",
            "filename": "my_keypair.pem",
            "id": "a3a10e7ced2a9e14914ed16d74cc7e44ec55233d",
            "sensitive_content": null,
            "source": null
          },
          "sensitive_attributes": [
            [
              {
                "type": "get_attr",
                "value": "content"
              }
            ]
          ],
          "dependencies": [
            "tls_private_key.my_keypair"
          ]
        }
      ]
    },
    {
      "mode": "managed",
      "type": "tls_private_key",
      "name": "my_keypair",
      "provider": "provider[\"registry.terraform.io/hashicorp/tls\"]",
      "instances": [
        {
          "schema_version": 1,
          "attributes": {
            "algorithm": "RSA",
            "ecdsa_curve": "P224",
            "id": "1128200e407d3e1376eae17be899a97852a6923a",
            "private_key_openssh": "-----BEGIN OPENSSH PRIVATE KEY-----\nb3BlbnNzaC1rZXktdjEAAAAABG5vbmUAAAAEbm9uZQAAAAAAAAABAAABFwAAAAdz\nc2gtcnNhAAAAAwEAAQAAAQEAqy3BiffQMYpxAjdo/j14uxvFgRaRqGnvJPyp+iu9\nXYAEp3ekTnacjjitOOoTKnLAjrKv7Xew6CX27sr5j5q/A4Hr81p2mlAiH9LmUN/2\nGEvlfaiiDO3TdGSVYk0FbzQdbYTamNTnwFL4DjyJgvA13MuUJNR1JB6w7y76ZyQ8\nNAB21jLMpn5qBWNMZtnax+CytRPnKnK09cckvw3SWHwRoFOqHrlns0V84A0ERehw\nR3i77dpNwQiOWttIg3ahJOqDJ1WDjZ9tFyABLJB5ebqJuEPXukhJBx1Fz78EH50g\nAmJlZZKCIAZbWevu3BecZY0/YjYVsTZdzZme5BWW7/aqHQAAA7ib8AuGm/ALhgAA\nAAdzc2gtcnNhAAABAQCrLcGJ99AxinECN2j+PXi7G8WBFpGoae8k/Kn6K71dgASn\nd6ROdpyOOK046hMqcsCOsq/td7DoJfbuyvmPmr8DgevzWnaaUCIf0uZQ3/YYS+V9\nqKIM7dN0ZJViTQVvNB1thNqY1OfAUvgOPImC8DXcy5Qk1HUkHrDvLvpnJDw0AHbW\nMsymfmoFY0xm2drH4LK1E+cqcrT1xyS/DdJYfBGgU6oeuWezRXzgDQRF6HBHeLvt\n2k3BCI5a20iDdqEk6oMnVYONn20XIAEskHl5uom4Q9e6SEkHHUXPvwQfnSACYmVl\nkoIgBltZ6+7cF5xljT9iNhWxNl3NmZ7kFZbv9qodAAAAAwEAAQAAAQBIIZ/MY4B3\nX77/EBpOB9k3/xvaqYf3T6xWCaIWqRfCro9HgkLaTWDrDTbxJLGu0WwStXkst6L0\nMAs91IoU2UBkWfrzMMuJevrmLhifO8CXvGOX79dZW14fTcMlCQ+hLHS6EaGLhSui\n/1NHrHrFkjMgNyjV3DEAZ25nW4RosfwsbNU4sx7apWXFDmqmCHKDVgumbx2PmvyP\nWu7hcIRMhc/NmnCFxN+440peL3/b1grGhHwrYWg/lmeGTi8QD6fcwDJMN21gudzf\nGHevbz/U7MZ36B6zgec5dqo896BjiVM7AIdFz2FDri8cUGnt/uTYOngd27QeHWMu\nSKWBgdVWt2QBAAAAgFSJ1G7/L1x2285r8TSfBttpQH0GCF/UipRlPIaRN4zgNon/\nMhscMch89opOk5DWtUpXbW/R0Fv7BAPsCbNCO+W/OwQ7vcCw3Kao4mfexDc4dDOp\nKfKxKyn7dXyJp/QluK8JOqmGrr+RbHqCzcvyCpEFi5qQ31ls7adKF4pYrVsgAAAA\ngQDTIBwGvOOzgNSyPQGatImMzLPCJr9oDC7a/TwYl+0wWCY2JGnokbYfbcyW0LPb\n3rzNBheHMf5byiAPhpahfSttS0YqwVe9wUfSpDncgV3ARnv6GOSgyXen+QcdRs1P\nzx6/VmXcKSGEFVTTyaewYUfioHVQ5blOabimPrHdvb5fBQAAAIEAz5AKsG1F3sON\n3QOypWrFD/0wWTwhiaCzTHXilLMdmQS+0uaIsnhyj5CQ1cUYVnF96R9BQj+Niv6V\nWe5Z/g6bDXBKJBGgZwVB3vW77CJeUBNQaDOghGPu2ivWLvmmEpt/jH1QeeKURwD1\n+PkkGqvg8lWXqnOFWqDgfb49PsDJGjkAAAAAAQID\n-----END OPENSSH PRIVATE KEY-----\n",
            "private_key_pem": "-----BEGIN RSA PRIVATE KEY-----\nMIIEogIBAAKCAQEAqy3BiffQMYpxAjdo/j14uxvFgRaRqGnvJPyp+iu9XYAEp3ek\nTnacjjitOOoTKnLAjrKv7Xew6CX27sr5j5q/A4Hr81p2mlAiH9LmUN/2GEvlfaii\nDO3TdGSVYk0FbzQdbYTamNTnwFL4DjyJgvA13MuUJNR1JB6w7y76ZyQ8NAB21jLM\npn5qBWNMZtnax+CytRPnKnK09cckvw3SWHwRoFOqHrlns0V84A0ERehwR3i77dpN\nwQiOWttIg3ahJOqDJ1WDjZ9tFyABLJB5ebqJuEPXukhJBx1Fz78EH50gAmJlZZKC\nIAZbWevu3BecZY0/YjYVsTZdzZme5BWW7/aqHQIDAQABAoIBAEghn8xjgHdfvv8Q\nGk4H2Tf/G9qph/dPrFYJohapF8Kuj0eCQtpNYOsNNvEksa7RbBK1eSy3ovQwCz3U\nihTZQGRZ+vMwy4l6+uYuGJ87wJe8Y5fv11lbXh9NwyUJD6EsdLoRoYuFK6L/U0es\nesWSMyA3KNXcMQBnbmdbhGix/Cxs1TizHtqlZcUOaqYIcoNWC6ZvHY+a/I9a7uFw\nhEyFz82acIXE37jjSl4vf9vWCsaEfCthaD+WZ4ZOLxAPp9zAMkw3bWC53N8Yd69v\nP9TsxnfoHrOB5zl2qjz3oGOJUzsAh0XPYUOuLxxQae3+5Ng6eB3btB4dYy5IpYGB\n1Va3ZAECgYEA0yAcBrzjs4DUsj0BmrSJjMyzwia/aAwu2v08GJftMFgmNiRp6JG2\nH23MltCz2968zQYXhzH+W8ogD4aWoX0rbUtGKsFXvcFH0qQ53IFdwEZ7+hjkoMl3\np/kHHUbNT88ev1Zl3CkhhBVU08mnsGFH4qB1UOW5Tmm4pj6x3b2+XwUCgYEAz5AK\nsG1F3sON3QOypWrFD/0wWTwhiaCzTHXilLMdmQS+0uaIsnhyj5CQ1cUYVnF96R9B\nQj+Niv6VWe5Z/g6bDXBKJBGgZwVB3vW77CJeUBNQaDOghGPu2ivWLvmmEpt/jH1Q\neeKURwD1+PkkGqvg8lWXqnOFWqDgfb49PsDJGjkCgYAxspZGU8J557KpvkiZZTQX\ny7vo0Pwvfuasr/2sgF7aCXX9OrcfguVPIqaNPdWIxTbGQE/biD4q1zqSzQi6PN+z\nG4wJ1ndT+KJyiCwCpwUtlKnsZl2zJ5meFbXCA3+i8Mt5GNpjZ98221qbfBWYJF4q\nj8Dt6RWkyqgnogx2eQrODQKBgEifKz5DXVjtrusPaif6TWykt4/hPBK9ST6NWHOS\nn950DJgZ1OYswlh8ylAhH7zPBLDWIK0fM1TYckT+4jnDvnhbO3WXPToOWte5vsCF\n3d3ChDWRKq5nkKCBCfVxn6uPAHeVON0Ma7jUGzu7X+h9Dr17OQ+IT7Y/54vXTfJw\n3WvxAoGAVInUbv8vXHbbzmvxNJ8G22lAfQYIX9SKlGU8hpE3jOA2if8yGxwxyHz2\nik6TkNa1Sldtb9HQW/sEA+wJs0I75b87BDu9wLDcpqjiZ97ENzh0M6kp8rErKft1\nfImn9CW4rwk6qYauv5FseoLNy/IKkQWLmpDfWWztp0oXilitWyA=\n-----END RSA PRIVATE KEY-----\n",
            "private_key_pem_pkcs8": "-----BEGIN PRIVATE KEY-----\nMIIEvAIBADANBgkqhkiG9w0BAQEFAASCBKYwggSiAgEAAoIBAQCrLcGJ99AxinEC\nN2j+PXi7G8WBFpGoae8k/Kn6K71dgASnd6ROdpyOOK046hMqcsCOsq/td7DoJfbu\nyvmPmr8DgevzWnaaUCIf0uZQ3/YYS+V9qKIM7dN0ZJViTQVvNB1thNqY1OfAUvgO\nPImC8DXcy5Qk1HUkHrDvLvpnJDw0AHbWMsymfmoFY0xm2drH4LK1E+cqcrT1xyS/\nDdJYfBGgU6oeuWezRXzgDQRF6HBHeLvt2k3BCI5a20iDdqEk6oMnVYONn20XIAEs\nkHl5uom4Q9e6SEkHHUXPvwQfnSACYmVlkoIgBltZ6+7cF5xljT9iNhWxNl3NmZ7k\nFZbv9qodAgMBAAECggEASCGfzGOAd1++/xAaTgfZN/8b2qmH90+sVgmiFqkXwq6P\nR4JC2k1g6w028SSxrtFsErV5LLei9DALPdSKFNlAZFn68zDLiXr65i4YnzvAl7xj\nl+/XWVteH03DJQkPoSx0uhGhi4Urov9TR6x6xZIzIDco1dwxAGduZ1uEaLH8LGzV\nOLMe2qVlxQ5qpghyg1YLpm8dj5r8j1ru4XCETIXPzZpwhcTfuONKXi9/29YKxoR8\nK2FoP5Znhk4vEA+n3MAyTDdtYLnc3xh3r28/1OzGd+ges4HnOXaqPPegY4lTOwCH\nRc9hQ64vHFBp7f7k2Dp4Hdu0Hh1jLkilgYHVVrdkAQKBgQDTIBwGvOOzgNSyPQGa\ntImMzLPCJr9oDC7a/TwYl+0wWCY2JGnokbYfbcyW0LPb3rzNBheHMf5byiAPhpah\nfSttS0YqwVe9wUfSpDncgV3ARnv6GOSgyXen+QcdRs1Pzx6/VmXcKSGEFVTTyaew\nYUfioHVQ5blOabimPrHdvb5fBQKBgQDPkAqwbUXew43dA7KlasUP/TBZPCGJoLNM\ndeKUsx2ZBL7S5oiyeHKPkJDVxRhWcX3pH0FCP42K/pVZ7ln+DpsNcEokEaBnBUHe\n9bvsIl5QE1BoM6CEY+7aK9Yu+aYSm3+MfVB54pRHAPX4+SQaq+DyVZeqc4VaoOB9\nvj0+wMkaOQKBgDGylkZTwnnnsqm+SJllNBfLu+jQ/C9+5qyv/ayAXtoJdf06tx+C\n5U8ipo091YjFNsZAT9uIPirXOpLNCLo837MbjAnWd1P4onKILAKnBS2UqexmXbMn\nmZ4VtcIDf6Lwy3kY2mNn3zbbWpt8FZgkXiqPwO3pFaTKqCeiDHZ5Cs4NAoGASJ8r\nPkNdWO2u6w9qJ/pNbKS3j+E8Er1JPo1Yc5Kf3nQMmBnU5izCWHzKUCEfvM8EsNYg\nrR8zVNhyRP7iOcO+eFs7dZc9Og5a17m+wIXd3cKENZEqrmeQoIEJ9XGfq48Ad5U4\n3QxruNQbO7tf6H0OvXs5D4hPtj/ni9dN8nDda/ECgYBUidRu/y9cdtvOa/E0nwbb\naUB9Bghf1IqUZTyGkTeM4DaJ/zIbHDHIfPaKTpOQ1rVKV21v0dBb+wQD7AmzQjvl\nvzsEO73AsNymqOJn3sQ3OHQzqSnysSsp+3V8iaf0JbivCTqphq6/kWx6gs3L8gqR\nBYuakN9ZbO2nSheKWK1bIA==\n-----END PRIVATE KEY-----\n",
            "public_key_fingerprint_md5": "98:3c:60:d8:29:5d:c6:4f:e2:31:f3:f8:c2:93:6f:79",
            "public_key_fingerprint_sha256": "SHA256:8y4Ld5C2z/GJMgN5t4hF096t1Xe/csdCbU6plJSLdOw",
            "public_key_openssh": "ssh-rsa AAAAB3NzaC1yc2EAAAADAQABAAABAQCrLcGJ99AxinECN2j+PXi7G8WBFpGoae8k/Kn6K71dgASnd6ROdpyOOK046hMqcsCOsq/td7DoJfbuyvmPmr8DgevzWnaaUCIf0uZQ3/YYS+V9qKIM7dN0ZJViTQVvNB1thNqY1OfAUvgOPImC8DXcy5Qk1HUkHrDvLvpnJDw0AHbWMsymfmoFY0xm2drH4LK1E+cqcrT1xyS/DdJYfBGgU6oeuWezRXzgDQRF6HBHeLvt2k3BCI5a20iDdqEk6oMnVYONn20XIAEskHl5uom4Q9e6SEkHHUXPvwQfnSACYmVlkoIgBltZ6+7cF5xljT9iNhWxNl3NmZ7kFZbv9qod\n",
            "public_key_pem": "-----BEGIN PUBLIC KEY-----\nMIIBIjANBgkqhkiG9w0BAQEFAAOCAQ8AMIIBCgKCAQEAqy3BiffQMYpxAjdo/j14\nuxvFgRaRqGnvJPyp+iu9XYAEp3ekTnacjjitOOoTKnLAjrKv7Xew6CX27sr5j5q/\nA4Hr81p2mlAiH9LmUN/2GEvlfaiiDO3TdGSVYk0FbzQdbYTamNTnwFL4DjyJgvA1\n3MuUJNR1JB6w7y76ZyQ8NAB21jLMpn5qBWNMZtnax+CytRPnKnK09cckvw3SWHwR\noFOqHrlns0V84A0ERehwR3i77dpNwQiOWttIg3ahJOqDJ1WDjZ9tFyABLJB5ebqJ\nuEPXukhJBx1Fz78EH50gAmJlZZKCIAZbWevu3BecZY0/YjYVsTZdzZme5BWW7/aq\nHQIDAQAB\n-----END PUBLIC KEY-----\n",
            "rsa_bits": 2048
          },
          "sensitive_attributes": []
        }
      ]
    }
  ],
  "check_results": null
}
